
Microsoft Visual Studio Solution File, Format Version 12.00
# Visual Studio Version 16
VisualStudioVersion = 16.0.31702.278
MinimumVisualStudioVersion = 10.0.40219.1
Project("{9A19103F-16F7-4668-BE54-9A1E7A4F7556}") = "WEB_Sergeev", "WEB_Sergeev.csproj", "{7C63DFB7-B318-4503-9239-C5EF775917E3}"
EndProject
Project("{9A19103F-16F7-4668-BE54-9A1E7A4F7556}") = "WEB_Sergeev.BLAZOR.Server", "..\WEB_953506_KONDRAHOV.BLAZOR\Server\WEB_Sergeev.BLAZOR.Server.csproj", "{DA6A026D-0782-4ACA-8A9A-53D7A020826B}"
EndProject
Project("{9A19103F-16F7-4668-BE54-9A1E7A4F7556}") = "WEB_Sergeev.BLAZOR.Client", "..\WEB_953506_KONDRAHOV.BLAZOR\Client\WEB_Sergeev.BLAZOR.Client.csproj", "{52AEBFD0-7B3E-4E67-A1A0-0C624D5D17E8}"
EndProject
Project("{9A19103F-16F7-4668-BE54-9A1E7A4F7556}") = "WEB_Sergeev.BLAZOR.Shared", "..\WEB_953506_KONDRAHOV.BLAZOR\Shared\WEB_Sergeev.BLAZOR.Shared.csproj", "{8C642BDB-E0AC-4C41-A943-3C03C99E5198}"
EndProject
Global
	GlobalSection(SolutionConfigurationPlatforms) = preSolution
		Debug|Any CPU = Debug|Any CPU
		Release|Any CPU = Release|Any CPU
	EndGlobalSection
	GlobalSection(ProjectConfigurationPlatforms) = postSolution
		{7C63DFB7-B318-4503-9239-C5EF775917E3}.Debug|Any CPU.ActiveCfg = Debug|Any CPU
		{7C63DFB7-B318-4503-9239-C5EF775917E3}.Debug|Any CPU.Build.0 = Debug|Any CPU
		{7C63DFB7-B318-4503-9239-C5EF775917E3}.Release|Any CPU.ActiveCfg = Release|Any CPU
		{7C63DFB7-B318-4503-9239-C5EF775917E3}.Release|Any CPU.Build.0 = Release|Any CPU
		{DA6A026D-0782-4ACA-8A9A-53D7A020826B}.Debug|Any CPU.ActiveCfg = Debug|Any CPU
		{DA6A026D-0782-4ACA-8A9A-53D7A020826B}.Debug|Any CPU.Build.0 = Debug|Any CPU
		{DA6A026D-0782-4ACA-8A9A-53D7A020826B}.Release|Any CPU.ActiveCfg = Release|Any CPU
		{DA6A026D-0782-4ACA-8A9A-53D7A020826B}.Release|Any CPU.Build.0 = Release|Any CPU
		{52AEBFD0-7B3E-4E67-A1A0-0C624D5D17E8}.Debug|Any CPU.ActiveCfg = Debug|Any CPU
		{52AEBFD0-7B3E-4E67-A1A0-0C624D5D17E8}.Debug|Any CPU.Build.0 = Debug|Any CPU
		{52AEBFD0-7B3E-4E67-A1A0-0C624D5D17E8}.Release|Any CPU.ActiveCfg = Release|Any CPU
		{52AEBFD0-7B3E-4E67-A1A0-0C624D5D17E8}.Release|Any CPU.Build.0 = Release|Any CPU
		{8C642BDB-E0AC-4C41-A943-3C03C99E5198}.Debug|Any CPU.ActiveCfg = Debug|Any CPU
		{8C642BDB-E0AC-4C41-A943-3C03C99E5198}.Debug|Any CPU.Build.0 = Debug|Any CPU
		{8C642BDB-E0AC-4C41-A943-3C03C99E5198}.Release|Any CPU.ActiveCfg = Release|Any CPU
		{8C642BDB-E0AC-4C41-A943-3C03C99E5198}.Release|Any CPU.Build.0 = Release|Any CPU
	EndGlobalSection
	GlobalSection(SolutionProperties) = preSolution
		HideSolutionNode = FALSE
	EndGlobalSection
	GlobalSection(ExtensibilityGlobals) = postSolution
		SolutionGuid = {9CF7E4CC-E76D-47EC-B2A9-5C28F93A830E}
	EndGlobalSection
EndGlobal
